
Microsoft Visual Studio Solution File, Format Version 12.00
# Visual Studio Version 17
VisualStudioVersion = 17.3.32819.101
MinimumVisualStudioVersion = 10.0.40219.1
Project("{FAE04EC0-301F-11D3-BF4B-00C04F79EFBC}") = "ConsoleApp5", "ConsoleApp5\ConsoleApp5.csproj", "{FCA2AB18-9284-48C7-A8A1-4E6DFE0B2DC6}"
EndProject
Global
	GlobalSection(SolutionConfigurationPlatforms) = preSolution
		Debug|Any CPU = Debug|Any CPU
		Release|Any CPU = Release|Any CPU
	EndGlobalSection
	GlobalSection(ProjectConfigurationPlatforms) = postSolution
		{FCA2AB18-9284-48C7-A8A1-4E6DFE0B2DC6}.Debug|Any CPU.ActiveCfg = Debug|Any CPU
		{FCA2AB18-9284-48C7-A8A1-4E6DFE0B2DC6}.Debug|Any CPU.Build.0 = Debug|Any CPU
		{FCA2AB18-9284-48C7-A8A1-4E6DFE0B2DC6}.Release|Any CPU.ActiveCfg = Release|Any CPU
		{FCA2AB18-9284-48C7-A8A1-4E6DFE0B2DC6}.Release|Any CPU.Build.0 = Release|Any CPU
	EndGlobalSection
	GlobalSection(SolutionProperties) = preSolution
		HideSolutionNode = FALSE
	EndGlobalSection
	GlobalSection(ExtensibilityGlobals) = postSolution
		SolutionGuid = {D3F71ED2-FCA2-4B41-B64B-1B554A03F575}
	EndGlobalSection
EndGlobal
